
Microsoft Visual Studio Solution File, Format Version 12.00
# Visual Studio Version 17
VisualStudioVersion = 17.9.34622.214
MinimumVisualStudioVersion = 10.0.40219.1
Project("{FAE04EC0-301F-11D3-BF4B-00C04F79EFBC}") = "Datalayer", "Datalayer\Datalayer.csproj", "{B7A8877A-C9CC-4D23-BA5B-EFBD1E0130B5}"
EndProject
Project("{FAE04EC0-301F-11D3-BF4B-00C04F79EFBC}") = "BusinessLayer", "BusinessLayer\BusinessLayer.csproj", "{87C11248-C07B-452A-90E3-960BD90715BB}"
EndProject
Project("{FAE04EC0-301F-11D3-BF4B-00C04F79EFBC}") = "QLNHANVIEN", "QLNHANVIEN\QLNHANVIEN.csproj", "{1EA9010E-BAA3-4977-8E51-EDC3DD40E4A0}"
EndProject
Global
	GlobalSection(SolutionConfigurationPlatforms) = preSolution
		Debug|Any CPU = Debug|Any CPU
		Release|Any CPU = Release|Any CPU
	EndGlobalSection
	GlobalSection(ProjectConfigurationPlatforms) = postSolution
		{B7A8877A-C9CC-4D23-BA5B-EFBD1E0130B5}.Debug|Any CPU.ActiveCfg = Debug|Any CPU
		{B7A8877A-C9CC-4D23-BA5B-EFBD1E0130B5}.Debug|Any CPU.Build.0 = Debug|Any CPU
		{B7A8877A-C9CC-4D23-BA5B-EFBD1E0130B5}.Release|Any CPU.ActiveCfg = Release|Any CPU
		{B7A8877A-C9CC-4D23-BA5B-EFBD1E0130B5}.Release|Any CPU.Build.0 = Release|Any CPU
		{87C11248-C07B-452A-90E3-960BD90715BB}.Debug|Any CPU.ActiveCfg = Debug|Any CPU
		{87C11248-C07B-452A-90E3-960BD90715BB}.Debug|Any CPU.Build.0 = Debug|Any CPU
		{87C11248-C07B-452A-90E3-960BD90715BB}.Release|Any CPU.ActiveCfg = Release|Any CPU
		{87C11248-C07B-452A-90E3-960BD90715BB}.Release|Any CPU.Build.0 = Release|Any CPU
		{1EA9010E-BAA3-4977-8E51-EDC3DD40E4A0}.Debug|Any CPU.ActiveCfg = Debug|Any CPU
		{1EA9010E-BAA3-4977-8E51-EDC3DD40E4A0}.Debug|Any CPU.Build.0 = Debug|Any CPU
		{1EA9010E-BAA3-4977-8E51-EDC3DD40E4A0}.Release|Any CPU.ActiveCfg = Release|Any CPU
		{1EA9010E-BAA3-4977-8E51-EDC3DD40E4A0}.Release|Any CPU.Build.0 = Release|Any CPU
	EndGlobalSection
	GlobalSection(SolutionProperties) = preSolution
		HideSolutionNode = FALSE
	EndGlobalSection
	GlobalSection(ExtensibilityGlobals) = postSolution
		SolutionGuid = {7748B9B5-FAAF-41C9-91B9-1D60FCDAF22B}
	EndGlobalSection
EndGlobal
